github.com/eiannone/keyboard v0.0.0-20220611211555-0d226195f203 h1:XBBHcIb256gUJtLmY22n99HaZTz+r2Z51xUPi01m3wg=
github.com/eiannone/keyboard v0.0.0-20220611211555-0d226195f203/go.mod h1:E1jcSv8FaEny+OP/5k9UxZVw9YFWGj7eI4KR/iOBqCg=
github.com/gempir/go-twitch-irc/v3 v3.2.0 h1:ENhsa7RgBE1GMmDqe0iMkvcSYfgw6ZsXilt+sAg32/U=
github.com/gempir/go-twitch-irc/v3 v3.2.0/go.mod h1:/W9KZIiyizVecp4PEb7kc4AlIyXKiCmvlXrzlpPUytU=
github.com/hegedustibor/htgo-tts v0.0.0-20211114121522-d6dac668e0be h1:0AbgAT4TmNa3muV8QFpawQ5l03GiuFM7k6GbqwrdSUY=
github.com/hegedustibor/htgo-tts v0.0.0-20211114121522-d6dac668e0be/go.mod h1:Uqnv3qFrs2WtaeO2/+PQ35x4HdD4u2ZAX/PcQEEP5VY=
golang.org/x/sys v0.0.0-20220520151302-bc2c85ada10a h1:dGzPydgVsqGcTRVwiLJ1jVbufYwmzD3LfVPLKsKg+0k=
golang.org/x/sys v0.0.0-20220520151302-bc2c85ada10a/go.mod h1:oPkhp1MJrh7nUepCBck5+mAzfO9JrbApNNgaTdGDITg=
